
Microsoft Visual Studio Solution File, Format Version 12.00
# Visual Studio Version 17
VisualStudioVersion = 17.6.33712.159
MinimumVisualStudioVersion = 10.0.40219.1
Project("{FAE04EC0-301F-11D3-BF4B-00C04F79EFBC}") = "AWS_Sample3", "AWS_Sample3.csproj", "{3DC13016-7EAA-435F-95E3-D1A90492C065}"
EndProject
Global
	GlobalSection(SolutionConfigurationPlatforms) = preSolution
		Debug|Any CPU = Debug|Any CPU
		Release|Any CPU = Release|Any CPU
	EndGlobalSection
	GlobalSection(ProjectConfigurationPlatforms) = postSolution
		{3DC13016-7EAA-435F-95E3-D1A90492C065}.Debug|Any CPU.ActiveCfg = Debug|Any CPU
		{3DC13016-7EAA-435F-95E3-D1A90492C065}.Debug|Any CPU.Build.0 = Debug|Any CPU
		{3DC13016-7EAA-435F-95E3-D1A90492C065}.Release|Any CPU.ActiveCfg = Release|Any CPU
		{3DC13016-7EAA-435F-95E3-D1A90492C065}.Release|Any CPU.Build.0 = Release|Any CPU
	EndGlobalSection
	GlobalSection(SolutionProperties) = preSolution
		HideSolutionNode = FALSE
	EndGlobalSection
	GlobalSection(ExtensibilityGlobals) = postSolution
		SolutionGuid = {8B7566A6-4208-436D-BEE3-14CC6290BE0F}
	EndGlobalSection
EndGlobal
